
Microsoft Visual Studio Solution File, Format Version 12.00
# Visual Studio Version 17
VisualStudioVersion = 17.7.34221.43
MinimumVisualStudioVersion = 10.0.40219.1
Project("{FAE04EC0-301F-11D3-BF4B-00C04F79EFBC}") = "Prolab3", "Prolab3\Prolab3.csproj", "{70028747-3D3A-4485-A5FE-A0496DA148EF}"
EndProject
Global
	GlobalSection(SolutionConfigurationPlatforms) = preSolution
		Debug|Any CPU = Debug|Any CPU
		Release|Any CPU = Release|Any CPU
	EndGlobalSection
	GlobalSection(ProjectConfigurationPlatforms) = postSolution
		{70028747-3D3A-4485-A5FE-A0496DA148EF}.Debug|Any CPU.ActiveCfg = Debug|Any CPU
		{70028747-3D3A-4485-A5FE-A0496DA148EF}.Debug|Any CPU.Build.0 = Debug|Any CPU
		{70028747-3D3A-4485-A5FE-A0496DA148EF}.Release|Any CPU.ActiveCfg = Release|Any CPU
		{70028747-3D3A-4485-A5FE-A0496DA148EF}.Release|Any CPU.Build.0 = Release|Any CPU
	EndGlobalSection
	GlobalSection(SolutionProperties) = preSolution
		HideSolutionNode = FALSE
	EndGlobalSection
	GlobalSection(ExtensibilityGlobals) = postSolution
		SolutionGuid = {4B6ED6B5-A0A5-40AF-BE8F-2908CD94398B}
	EndGlobalSection
EndGlobal
